
Microsoft Visual Studio Solution File, Format Version 12.00
# Visual Studio 15
VisualStudioVersion = 15.0.26124.0
MinimumVisualStudioVersion = 15.0.26124.0
Project("{FAE04EC0-301F-11D3-BF4B-00C04F79EFBC}") = "HelloConsole", "HelloConsole\HelloConsole.csproj", "{65A78F47-3726-4B86-BAFB-3B749DB81698}"
EndProject
Project("{FAE04EC0-301F-11D3-BF4B-00C04F79EFBC}") = "DesignPatternFactory", "DesignPatternFactory\DesignPatternFactory.csproj", "{7C9488BA-17CA-437B-979B-C6A37CF6AFF6}"
EndProject
Project("{FAE04EC0-301F-11D3-BF4B-00C04F79EFBC}") = "HelloGtk", "HelloGtk\HelloGtk.csproj", "{AF826793-FBB6-48DD-BA10-BD6AF9477775}"
EndProject
Project("{FAE04EC0-301F-11D3-BF4B-00C04F79EFBC}") = "HelloEasyConsole", "HelloEasyConsole\HelloEasyConsole.csproj", "{F927EB70-6ABA-428F-8BA7-D592C2BCF3DB}"
EndProject
Project("{FAE04EC0-301F-11D3-BF4B-00C04F79EFBC}") = "HelloConsoleTables", "HelloConsoleTables\HelloConsoleTables.csproj", "{8F6E1C29-E843-4300-BCC3-D8673A68C49A}"
EndProject
Project("{FAE04EC0-301F-11D3-BF4B-00C04F79EFBC}") = "HelloCommandDotnet", "HelloCommandDotnet\HelloCommandDotnet.csproj", "{C792C768-3478-48A3-99EA-DE8937AAE13D}"
EndProject
Project("{FAE04EC0-301F-11D3-BF4B-00C04F79EFBC}") = "HelloConsole.Test", "HelloConsole.Test\HelloConsole.Test.csproj", "{D1936EB4-46EC-4D29-9E03-6A70B4A95213}"
EndProject
Project("{FAE04EC0-301F-11D3-BF4B-00C04F79EFBC}") = "HelloAutofac", "HelloAutofac\HelloAutofac.csproj", "{87E50B99-DB1B-49E4-9635-0D30C6B7B832}"
EndProject
Project("{FAE04EC0-301F-11D3-BF4B-00C04F79EFBC}") = "HelloAutofac.Notification", "HelloAutofac.Notification\HelloAutofac.Notification.csproj", "{534CB794-3E3D-41F1-A98C-BA72BBBDF747}"
EndProject
Project("{FAE04EC0-301F-11D3-BF4B-00C04F79EFBC}") = "HelloAutofac.Core", "HelloAutofac.Core\HelloAutofac.Core.csproj", "{22683B52-DDC7-4D74-9190-516BA1DC0972}"
EndProject
Project("{FAE04EC0-301F-11D3-BF4B-00C04F79EFBC}") = "HelloAutofac.ConsoleNotification", "HelloAutofac.ConsoleNotification\HelloAutofac.ConsoleNotification.csproj", "{DE12DB45-3C68-4EDC-ABEC-BFFC65A964F5}"
EndProject
Project("{FAE04EC0-301F-11D3-BF4B-00C04F79EFBC}") = "HelloAutofac.FancyNotification", "HelloAutofac.FancyNotification\HelloAutofac.FancyNotification.csproj", "{678A3DF2-0BF0-4781-9014-E6FF49536E23}"
EndProject
Project("{FAE04EC0-301F-11D3-BF4B-00C04F79EFBC}") = "HelloUnitTest", "HelloUnitTest\HelloUnitTest.csproj", "{B4DB97B9-4E45-4AD6-BC51-EFA231478B2A}"
EndProject
Project("{FAE04EC0-301F-11D3-BF4B-00C04F79EFBC}") = "HelloUnitTest.Test", "HelloUnitTest.Test\HelloUnitTest.Test.csproj", "{63C6E5AA-8527-4EFC-BBBC-3DF50481738B}"
EndProject
Project("{FAE04EC0-301F-11D3-BF4B-00C04F79EFBC}") = "HelloWebApi", "HelloWebApi\HelloWebApi.csproj", "{C725453C-B3F4-470A-8144-D996AA9B7B64}"
EndProject
Project("{FAE04EC0-301F-11D3-BF4B-00C04F79EFBC}") = "CustomerWebApi.Domain", "CustomerWebApi.Domain\CustomerWebApi.Domain.csproj", "{727A2021-011A-4FAD-93A6-06FC20866370}"
EndProject
Project("{FAE04EC0-301F-11D3-BF4B-00C04F79EFBC}") = "CustomerWebApi.Data", "CustomerWebApi.Data\CustomerWebApi.Data.csproj", "{BECC1311-9A8F-4775-827E-9FCDBABE68EB}"
EndProject
Project("{FAE04EC0-301F-11D3-BF4B-00C04F79EFBC}") = "CustomerWebApi.Service", "CustomerWebApi.Service\CustomerWebApi.Service.csproj", "{1C5B61C4-888B-4B34-80E4-CA04D7C5F7D0}"
EndProject
Project("{FAE04EC0-301F-11D3-BF4B-00C04F79EFBC}") = "CustomerWebApi.Messaging.Send", "CustomerWebApi.Messaging.Send\CustomerWebApi.Messaging.Send.csproj", "{6EA06B33-135A-4287-B9C1-09793E3F7871}"
EndProject
Project("{FAE04EC0-301F-11D3-BF4B-00C04F79EFBC}") = "CustomerWebApi", "CustomerWebApi\CustomerWebApi.csproj", "{1AA7FABA-128F-456D-8EBD-53346CF293C3}"
EndProject
Project("{FAE04EC0-301F-11D3-BF4B-00C04F79EFBC}") = "DelegateHelloWorld", "DelegateHelloWorld\DelegateHelloWorld.csproj", "{D117A56A-AA78-4594-9FFF-E4F38660ADE0}"
EndProject
Project("{FAE04EC0-301F-11D3-BF4B-00C04F79EFBC}") = "LambdaHelloWorld", "LambdaHelloWorld\LambdaHelloWorld.csproj", "{FDBCADF6-CBE3-44E8-B7FC-BDE81FE051DA}"
EndProject
Project("{FAE04EC0-301F-11D3-BF4B-00C04F79EFBC}") = "LinqHelloWorld", "LinqHelloWorld\LinqHelloWorld.csproj", "{C6582D6D-BAA3-4336-9529-9738C5F0F927}"
EndProject
Project("{FAE04EC0-301F-11D3-BF4B-00C04F79EFBC}") = "YieldHelloWorld", "YieldHelloWorld\YieldHelloWorld.csproj", "{B5FC5E31-EA17-4298-A10B-1F01F066AC2F}"
EndProject
Project("{FAE04EC0-301F-11D3-BF4B-00C04F79EFBC}") = "TaskHelloWorld", "TaskHelloWorld\TaskHelloWorld.csproj", "{33C24F80-131D-49D2-A842-51528D96586B}"
EndProject
Global
	GlobalSection(SolutionConfigurationPlatforms) = preSolution
		Debug|Any CPU = Debug|Any CPU
		Debug|x64 = Debug|x64
		Debug|x86 = Debug|x86
		Release|Any CPU = Release|Any CPU
		Release|x64 = Release|x64
		Release|x86 = Release|x86
	EndGlobalSection
	GlobalSection(SolutionProperties) = preSolution
		HideSolutionNode = FALSE
	EndGlobalSection
	GlobalSection(ProjectConfigurationPlatforms) = postSolution
		{65A78F47-3726-4B86-BAFB-3B749DB81698}.Debug|Any CPU.ActiveCfg = Debug|Any CPU
		{65A78F47-3726-4B86-BAFB-3B749DB81698}.Debug|Any CPU.Build.0 = Debug|Any CPU
		{65A78F47-3726-4B86-BAFB-3B749DB81698}.Debug|x64.ActiveCfg = Debug|Any CPU
		{65A78F47-3726-4B86-BAFB-3B749DB81698}.Debug|x64.Build.0 = Debug|Any CPU
		{65A78F47-3726-4B86-BAFB-3B749DB81698}.Debug|x86.ActiveCfg = Debug|Any CPU
		{65A78F47-3726-4B86-BAFB-3B749DB81698}.Debug|x86.Build.0 = Debug|Any CPU
		{65A78F47-3726-4B86-BAFB-3B749DB81698}.Release|Any CPU.ActiveCfg = Release|Any CPU
		{65A78F47-3726-4B86-BAFB-3B749DB81698}.Release|Any CPU.Build.0 = Release|Any CPU
		{65A78F47-3726-4B86-BAFB-3B749DB81698}.Release|x64.ActiveCfg = Release|Any CPU
		{65A78F47-3726-4B86-BAFB-3B749DB81698}.Release|x64.Build.0 = Release|Any CPU
		{65A78F47-3726-4B86-BAFB-3B749DB81698}.Release|x86.ActiveCfg = Release|Any CPU
		{65A78F47-3726-4B86-BAFB-3B749DB81698}.Release|x86.Build.0 = Release|Any CPU
		{7C9488BA-17CA-437B-979B-C6A37CF6AFF6}.Debug|Any CPU.ActiveCfg = Debug|Any CPU
		{7C9488BA-17CA-437B-979B-C6A37CF6AFF6}.Debug|Any CPU.Build.0 = Debug|Any CPU
		{7C9488BA-17CA-437B-979B-C6A37CF6AFF6}.Debug|x64.ActiveCfg = Debug|Any CPU
		{7C9488BA-17CA-437B-979B-C6A37CF6AFF6}.Debug|x64.Build.0 = Debug|Any CPU
		{7C9488BA-17CA-437B-979B-C6A37CF6AFF6}.Debug|x86.ActiveCfg = Debug|Any CPU
		{7C9488BA-17CA-437B-979B-C6A37CF6AFF6}.Debug|x86.Build.0 = Debug|Any CPU
		{7C9488BA-17CA-437B-979B-C6A37CF6AFF6}.Release|Any CPU.ActiveCfg = Release|Any CPU
		{7C9488BA-17CA-437B-979B-C6A37CF6AFF6}.Release|Any CPU.Build.0 = Release|Any CPU
		{7C9488BA-17CA-437B-979B-C6A37CF6AFF6}.Release|x64.ActiveCfg = Release|Any CPU
		{7C9488BA-17CA-437B-979B-C6A37CF6AFF6}.Release|x64.Build.0 = Release|Any CPU
		{7C9488BA-17CA-437B-979B-C6A37CF6AFF6}.Release|x86.ActiveCfg = Release|Any CPU
		{7C9488BA-17CA-437B-979B-C6A37CF6AFF6}.Release|x86.Build.0 = Release|Any CPU
		{AF826793-FBB6-48DD-BA10-BD6AF9477775}.Debug|Any CPU.ActiveCfg = Debug|Any CPU
		{AF826793-FBB6-48DD-BA10-BD6AF9477775}.Debug|Any CPU.Build.0 = Debug|Any CPU
		{AF826793-FBB6-48DD-BA10-BD6AF9477775}.Debug|x64.ActiveCfg = Debug|Any CPU
		{AF826793-FBB6-48DD-BA10-BD6AF9477775}.Debug|x64.Build.0 = Debug|Any CPU
		{AF826793-FBB6-48DD-BA10-BD6AF9477775}.Debug|x86.ActiveCfg = Debug|Any CPU
		{AF826793-FBB6-48DD-BA10-BD6AF9477775}.Debug|x86.Build.0 = Debug|Any CPU
		{AF826793-FBB6-48DD-BA10-BD6AF9477775}.Release|Any CPU.ActiveCfg = Release|Any CPU
		{AF826793-FBB6-48DD-BA10-BD6AF9477775}.Release|Any CPU.Build.0 = Release|Any CPU
		{AF826793-FBB6-48DD-BA10-BD6AF9477775}.Release|x64.ActiveCfg = Release|Any CPU
		{AF826793-FBB6-48DD-BA10-BD6AF9477775}.Release|x64.Build.0 = Release|Any CPU
		{AF826793-FBB6-48DD-BA10-BD6AF9477775}.Release|x86.ActiveCfg = Release|Any CPU
		{AF826793-FBB6-48DD-BA10-BD6AF9477775}.Release|x86.Build.0 = Release|Any CPU
		{F927EB70-6ABA-428F-8BA7-D592C2BCF3DB}.Debug|Any CPU.ActiveCfg = Debug|Any CPU
		{F927EB70-6ABA-428F-8BA7-D592C2BCF3DB}.Debug|Any CPU.Build.0 = Debug|Any CPU
		{F927EB70-6ABA-428F-8BA7-D592C2BCF3DB}.Debug|x64.ActiveCfg = Debug|Any CPU
		{F927EB70-6ABA-428F-8BA7-D592C2BCF3DB}.Debug|x64.Build.0 = Debug|Any CPU
		{F927EB70-6ABA-428F-8BA7-D592C2BCF3DB}.Debug|x86.ActiveCfg = Debug|Any CPU
		{F927EB70-6ABA-428F-8BA7-D592C2BCF3DB}.Debug|x86.Build.0 = Debug|Any CPU
		{F927EB70-6ABA-428F-8BA7-D592C2BCF3DB}.Release|Any CPU.ActiveCfg = Release|Any CPU
		{F927EB70-6ABA-428F-8BA7-D592C2BCF3DB}.Release|Any CPU.Build.0 = Release|Any CPU
		{F927EB70-6ABA-428F-8BA7-D592C2BCF3DB}.Release|x64.ActiveCfg = Release|Any CPU
		{F927EB70-6ABA-428F-8BA7-D592C2BCF3DB}.Release|x64.Build.0 = Release|Any CPU
		{F927EB70-6ABA-428F-8BA7-D592C2BCF3DB}.Release|x86.ActiveCfg = Release|Any CPU
		{F927EB70-6ABA-428F-8BA7-D592C2BCF3DB}.Release|x86.Build.0 = Release|Any CPU
		{8F6E1C29-E843-4300-BCC3-D8673A68C49A}.Debug|Any CPU.ActiveCfg = Debug|Any CPU
		{8F6E1C29-E843-4300-BCC3-D8673A68C49A}.Debug|Any CPU.Build.0 = Debug|Any CPU
		{8F6E1C29-E843-4300-BCC3-D8673A68C49A}.Debug|x64.ActiveCfg = Debug|Any CPU
		{8F6E1C29-E843-4300-BCC3-D8673A68C49A}.Debug|x64.Build.0 = Debug|Any CPU
		{8F6E1C29-E843-4300-BCC3-D8673A68C49A}.Debug|x86.ActiveCfg = Debug|Any CPU
		{8F6E1C29-E843-4300-BCC3-D8673A68C49A}.Debug|x86.Build.0 = Debug|Any CPU
		{8F6E1C29-E843-4300-BCC3-D8673A68C49A}.Release|Any CPU.ActiveCfg = Release|Any CPU
		{8F6E1C29-E843-4300-BCC3-D8673A68C49A}.Release|Any CPU.Build.0 = Release|Any CPU
		{8F6E1C29-E843-4300-BCC3-D8673A68C49A}.Release|x64.ActiveCfg = Release|Any CPU
		{8F6E1C29-E843-4300-BCC3-D8673A68C49A}.Release|x64.Build.0 = Release|Any CPU
		{8F6E1C29-E843-4300-BCC3-D8673A68C49A}.Release|x86.ActiveCfg = Release|Any CPU
		{8F6E1C29-E843-4300-BCC3-D8673A68C49A}.Release|x86.Build.0 = Release|Any CPU
		{C792C768-3478-48A3-99EA-DE8937AAE13D}.Debug|Any CPU.ActiveCfg = Debug|Any CPU
		{C792C768-3478-48A3-99EA-DE8937AAE13D}.Debug|Any CPU.Build.0 = Debug|Any CPU
		{C792C768-3478-48A3-99EA-DE8937AAE13D}.Debug|x64.ActiveCfg = Debug|Any CPU
		{C792C768-3478-48A3-99EA-DE8937AAE13D}.Debug|x64.Build.0 = Debug|Any CPU
		{C792C768-3478-48A3-99EA-DE8937AAE13D}.Debug|x86.ActiveCfg = Debug|Any CPU
		{C792C768-3478-48A3-99EA-DE8937AAE13D}.Debug|x86.Build.0 = Debug|Any CPU
		{C792C768-3478-48A3-99EA-DE8937AAE13D}.Release|Any CPU.ActiveCfg = Release|Any CPU
		{C792C768-3478-48A3-99EA-DE8937AAE13D}.Release|Any CPU.Build.0 = Release|Any CPU
		{C792C768-3478-48A3-99EA-DE8937AAE13D}.Release|x64.ActiveCfg = Release|Any CPU
		{C792C768-3478-48A3-99EA-DE8937AAE13D}.Release|x64.Build.0 = Release|Any CPU
		{C792C768-3478-48A3-99EA-DE8937AAE13D}.Release|x86.ActiveCfg = Release|Any CPU
		{C792C768-3478-48A3-99EA-DE8937AAE13D}.Release|x86.Build.0 = Release|Any CPU
		{D1936EB4-46EC-4D29-9E03-6A70B4A95213}.Debug|Any CPU.ActiveCfg = Debug|Any CPU
		{D1936EB4-46EC-4D29-9E03-6A70B4A95213}.Debug|Any CPU.Build.0 = Debug|Any CPU
		{D1936EB4-46EC-4D29-9E03-6A70B4A95213}.Debug|x64.ActiveCfg = Debug|Any CPU
		{D1936EB4-46EC-4D29-9E03-6A70B4A95213}.Debug|x64.Build.0 = Debug|Any CPU
		{D1936EB4-46EC-4D29-9E03-6A70B4A95213}.Debug|x86.ActiveCfg = Debug|Any CPU
		{D1936EB4-46EC-4D29-9E03-6A70B4A95213}.Debug|x86.Build.0 = Debug|Any CPU
		{D1936EB4-46EC-4D29-9E03-6A70B4A95213}.Release|Any CPU.ActiveCfg = Release|Any CPU
		{D1936EB4-46EC-4D29-9E03-6A70B4A95213}.Release|Any CPU.Build.0 = Release|Any CPU
		{D1936EB4-46EC-4D29-9E03-6A70B4A95213}.Release|x64.ActiveCfg = Release|Any CPU
		{D1936EB4-46EC-4D29-9E03-6A70B4A95213}.Release|x64.Build.0 = Release|Any CPU
		{D1936EB4-46EC-4D29-9E03-6A70B4A95213}.Release|x86.ActiveCfg = Release|Any CPU
		{D1936EB4-46EC-4D29-9E03-6A70B4A95213}.Release|x86.Build.0 = Release|Any CPU
		{87E50B99-DB1B-49E4-9635-0D30C6B7B832}.Debug|Any CPU.ActiveCfg = Debug|Any CPU
		{87E50B99-DB1B-49E4-9635-0D30C6B7B832}.Debug|Any CPU.Build.0 = Debug|Any CPU
		{87E50B99-DB1B-49E4-9635-0D30C6B7B832}.Debug|x64.ActiveCfg = Debug|Any CPU
		{87E50B99-DB1B-49E4-9635-0D30C6B7B832}.Debug|x64.Build.0 = Debug|Any CPU
		{87E50B99-DB1B-49E4-9635-0D30C6B7B832}.Debug|x86.ActiveCfg = Debug|Any CPU
		{87E50B99-DB1B-49E4-9635-0D30C6B7B832}.Debug|x86.Build.0 = Debug|Any CPU
		{87E50B99-DB1B-49E4-9635-0D30C6B7B832}.Release|Any CPU.ActiveCfg = Release|Any CPU
		{87E50B99-DB1B-49E4-9635-0D30C6B7B832}.Release|Any CPU.Build.0 = Release|Any CPU
		{87E50B99-DB1B-49E4-9635-0D30C6B7B832}.Release|x64.ActiveCfg = Release|Any CPU
		{87E50B99-DB1B-49E4-9635-0D30C6B7B832}.Release|x64.Build.0 = Release|Any CPU
		{87E50B99-DB1B-49E4-9635-0D30C6B7B832}.Release|x86.ActiveCfg = Release|Any CPU
		{87E50B99-DB1B-49E4-9635-0D30C6B7B832}.Release|x86.Build.0 = Release|Any CPU
		{534CB794-3E3D-41F1-A98C-BA72BBBDF747}.Debug|Any CPU.ActiveCfg = Debug|Any CPU
		{534CB794-3E3D-41F1-A98C-BA72BBBDF747}.Debug|Any CPU.Build.0 = Debug|Any CPU
		{534CB794-3E3D-41F1-A98C-BA72BBBDF747}.Debug|x64.ActiveCfg = Debug|Any CPU
		{534CB794-3E3D-41F1-A98C-BA72BBBDF747}.Debug|x64.Build.0 = Debug|Any CPU
		{534CB794-3E3D-41F1-A98C-BA72BBBDF747}.Debug|x86.ActiveCfg = Debug|Any CPU
		{534CB794-3E3D-41F1-A98C-BA72BBBDF747}.Debug|x86.Build.0 = Debug|Any CPU
		{534CB794-3E3D-41F1-A98C-BA72BBBDF747}.Release|Any CPU.ActiveCfg = Release|Any CPU
		{534CB794-3E3D-41F1-A98C-BA72BBBDF747}.Release|Any CPU.Build.0 = Release|Any CPU
		{534CB794-3E3D-41F1-A98C-BA72BBBDF747}.Release|x64.ActiveCfg = Release|Any CPU
		{534CB794-3E3D-41F1-A98C-BA72BBBDF747}.Release|x64.Build.0 = Release|Any CPU
		{534CB794-3E3D-41F1-A98C-BA72BBBDF747}.Release|x86.ActiveCfg = Release|Any CPU
		{534CB794-3E3D-41F1-A98C-BA72BBBDF747}.Release|x86.Build.0 = Release|Any CPU
		{22683B52-DDC7-4D74-9190-516BA1DC0972}.Debug|Any CPU.ActiveCfg = Debug|Any CPU
		{22683B52-DDC7-4D74-9190-516BA1DC0972}.Debug|Any CPU.Build.0 = Debug|Any CPU
		{22683B52-DDC7-4D74-9190-516BA1DC0972}.Debug|x64.ActiveCfg = Debug|Any CPU
		{22683B52-DDC7-4D74-9190-516BA1DC0972}.Debug|x64.Build.0 = Debug|Any CPU
		{22683B52-DDC7-4D74-9190-516BA1DC0972}.Debug|x86.ActiveCfg = Debug|Any CPU
		{22683B52-DDC7-4D74-9190-516BA1DC0972}.Debug|x86.Build.0 = Debug|Any CPU
		{22683B52-DDC7-4D74-9190-516BA1DC0972}.Release|Any CPU.ActiveCfg = Release|Any CPU
		{22683B52-DDC7-4D74-9190-516BA1DC0972}.Release|Any CPU.Build.0 = Release|Any CPU
		{22683B52-DDC7-4D74-9190-516BA1DC0972}.Release|x64.ActiveCfg = Release|Any CPU
		{22683B52-DDC7-4D74-9190-516BA1DC0972}.Release|x64.Build.0 = Release|Any CPU
		{22683B52-DDC7-4D74-9190-516BA1DC0972}.Release|x86.ActiveCfg = Release|Any CPU
		{22683B52-DDC7-4D74-9190-516BA1DC0972}.Release|x86.Build.0 = Release|Any CPU
		{DE12DB45-3C68-4EDC-ABEC-BFFC65A964F5}.Debug|Any CPU.ActiveCfg = Debug|Any CPU
		{DE12DB45-3C68-4EDC-ABEC-BFFC65A964F5}.Debug|Any CPU.Build.0 = Debug|Any CPU
		{DE12DB45-3C68-4EDC-ABEC-BFFC65A964F5}.Debug|x64.ActiveCfg = Debug|Any CPU
		{DE12DB45-3C68-4EDC-ABEC-BFFC65A964F5}.Debug|x64.Build.0 = Debug|Any CPU
		{DE12DB45-3C68-4EDC-ABEC-BFFC65A964F5}.Debug|x86.ActiveCfg = Debug|Any CPU
		{DE12DB45-3C68-4EDC-ABEC-BFFC65A964F5}.Debug|x86.Build.0 = Debug|Any CPU
		{DE12DB45-3C68-4EDC-ABEC-BFFC65A964F5}.Release|Any CPU.ActiveCfg = Release|Any CPU
		{DE12DB45-3C68-4EDC-ABEC-BFFC65A964F5}.Release|Any CPU.Build.0 = Release|Any CPU
		{DE12DB45-3C68-4EDC-ABEC-BFFC65A964F5}.Release|x64.ActiveCfg = Release|Any CPU
		{DE12DB45-3C68-4EDC-ABEC-BFFC65A964F5}.Release|x64.Build.0 = Release|Any CPU
		{DE12DB45-3C68-4EDC-ABEC-BFFC65A964F5}.Release|x86.ActiveCfg = Release|Any CPU
		{DE12DB45-3C68-4EDC-ABEC-BFFC65A964F5}.Release|x86.Build.0 = Release|Any CPU
		{678A3DF2-0BF0-4781-9014-E6FF49536E23}.Debug|Any CPU.ActiveCfg = Debug|Any CPU
		{678A3DF2-0BF0-4781-9014-E6FF49536E23}.Debug|Any CPU.Build.0 = Debug|Any CPU
		{678A3DF2-0BF0-4781-9014-E6FF49536E23}.Debug|x64.ActiveCfg = Debug|Any CPU
		{678A3DF2-0BF0-4781-9014-E6FF49536E23}.Debug|x64.Build.0 = Debug|Any CPU
		{678A3DF2-0BF0-4781-9014-E6FF49536E23}.Debug|x86.ActiveCfg = Debug|Any CPU
		{678A3DF2-0BF0-4781-9014-E6FF49536E23}.Debug|x86.Build.0 = Debug|Any CPU
		{678A3DF2-0BF0-4781-9014-E6FF49536E23}.Release|Any CPU.ActiveCfg = Release|Any CPU
		{678A3DF2-0BF0-4781-9014-E6FF49536E23}.Release|Any CPU.Build.0 = Release|Any CPU
		{678A3DF2-0BF0-4781-9014-E6FF49536E23}.Release|x64.ActiveCfg = Release|Any CPU
		{678A3DF2-0BF0-4781-9014-E6FF49536E23}.Release|x64.Build.0 = Release|Any CPU
		{678A3DF2-0BF0-4781-9014-E6FF49536E23}.Release|x86.ActiveCfg = Release|Any CPU
		{678A3DF2-0BF0-4781-9014-E6FF49536E23}.Release|x86.Build.0 = Release|Any CPU
		{B4DB97B9-4E45-4AD6-BC51-EFA231478B2A}.Debug|Any CPU.ActiveCfg = Debug|Any CPU
		{B4DB97B9-4E45-4AD6-BC51-EFA231478B2A}.Debug|Any CPU.Build.0 = Debug|Any CPU
		{B4DB97B9-4E45-4AD6-BC51-EFA231478B2A}.Debug|x64.ActiveCfg = Debug|Any CPU
		{B4DB97B9-4E45-4AD6-BC51-EFA231478B2A}.Debug|x64.Build.0 = Debug|Any CPU
		{B4DB97B9-4E45-4AD6-BC51-EFA231478B2A}.Debug|x86.ActiveCfg = Debug|Any CPU
		{B4DB97B9-4E45-4AD6-BC51-EFA231478B2A}.Debug|x86.Build.0 = Debug|Any CPU
		{B4DB97B9-4E45-4AD6-BC51-EFA231478B2A}.Release|Any CPU.ActiveCfg = Release|Any CPU
		{B4DB97B9-4E45-4AD6-BC51-EFA231478B2A}.Release|Any CPU.Build.0 = Release|Any CPU
		{B4DB97B9-4E45-4AD6-BC51-EFA231478B2A}.Release|x64.ActiveCfg = Release|Any CPU
		{B4DB97B9-4E45-4AD6-BC51-EFA231478B2A}.Release|x64.Build.0 = Release|Any CPU
		{B4DB97B9-4E45-4AD6-BC51-EFA231478B2A}.Release|x86.ActiveCfg = Release|Any CPU
		{B4DB97B9-4E45-4AD6-BC51-EFA231478B2A}.Release|x86.Build.0 = Release|Any CPU
		{63C6E5AA-8527-4EFC-BBBC-3DF50481738B}.Debug|Any CPU.ActiveCfg = Debug|Any CPU
		{63C6E5AA-8527-4EFC-BBBC-3DF50481738B}.Debug|Any CPU.Build.0 = Debug|Any CPU
		{63C6E5AA-8527-4EFC-BBBC-3DF50481738B}.Debug|x64.ActiveCfg = Debug|Any CPU
		{63C6E5AA-8527-4EFC-BBBC-3DF50481738B}.Debug|x64.Build.0 = Debug|Any CPU
		{63C6E5AA-8527-4EFC-BBBC-3DF50481738B}.Debug|x86.ActiveCfg = Debug|Any CPU
		{63C6E5AA-8527-4EFC-BBBC-3DF50481738B}.Debug|x86.Build.0 = Debug|Any CPU
		{63C6E5AA-8527-4EFC-BBBC-3DF50481738B}.Release|Any CPU.ActiveCfg = Release|Any CPU
		{63C6E5AA-8527-4EFC-BBBC-3DF50481738B}.Release|Any CPU.Build.0 = Release|Any CPU
		{63C6E5AA-8527-4EFC-BBBC-3DF50481738B}.Release|x64.ActiveCfg = Release|Any CPU
		{63C6E5AA-8527-4EFC-BBBC-3DF50481738B}.Release|x64.Build.0 = Release|Any CPU
		{63C6E5AA-8527-4EFC-BBBC-3DF50481738B}.Release|x86.ActiveCfg = Release|Any CPU
		{63C6E5AA-8527-4EFC-BBBC-3DF50481738B}.Release|x86.Build.0 = Release|Any CPU
		{C725453C-B3F4-470A-8144-D996AA9B7B64}.Debug|Any CPU.ActiveCfg = Debug|Any CPU
		{C725453C-B3F4-470A-8144-D996AA9B7B64}.Debug|Any CPU.Build.0 = Debug|Any CPU
		{C725453C-B3F4-470A-8144-D996AA9B7B64}.Debug|x64.ActiveCfg = Debug|Any CPU
		{C725453C-B3F4-470A-8144-D996AA9B7B64}.Debug|x64.Build.0 = Debug|Any CPU
		{C725453C-B3F4-470A-8144-D996AA9B7B64}.Debug|x86.ActiveCfg = Debug|Any CPU
		{C725453C-B3F4-470A-8144-D996AA9B7B64}.Debug|x86.Build.0 = Debug|Any CPU
		{C725453C-B3F4-470A-8144-D996AA9B7B64}.Release|Any CPU.ActiveCfg = Release|Any CPU
		{C725453C-B3F4-470A-8144-D996AA9B7B64}.Release|Any CPU.Build.0 = Release|Any CPU
		{C725453C-B3F4-470A-8144-D996AA9B7B64}.Release|x64.ActiveCfg = Release|Any CPU
		{C725453C-B3F4-470A-8144-D996AA9B7B64}.Release|x64.Build.0 = Release|Any CPU
		{C725453C-B3F4-470A-8144-D996AA9B7B64}.Release|x86.ActiveCfg = Release|Any CPU
		{C725453C-B3F4-470A-8144-D996AA9B7B64}.Release|x86.Build.0 = Release|Any CPU
		{727A2021-011A-4FAD-93A6-06FC20866370}.Debug|Any CPU.ActiveCfg = Debug|Any CPU
		{727A2021-011A-4FAD-93A6-06FC20866370}.Debug|Any CPU.Build.0 = Debug|Any CPU
		{727A2021-011A-4FAD-93A6-06FC20866370}.Debug|x64.ActiveCfg = Debug|Any CPU
		{727A2021-011A-4FAD-93A6-06FC20866370}.Debug|x64.Build.0 = Debug|Any CPU
		{727A2021-011A-4FAD-93A6-06FC20866370}.Debug|x86.ActiveCfg = Debug|Any CPU
		{727A2021-011A-4FAD-93A6-06FC20866370}.Debug|x86.Build.0 = Debug|Any CPU
		{727A2021-011A-4FAD-93A6-06FC20866370}.Release|Any CPU.ActiveCfg = Release|Any CPU
		{727A2021-011A-4FAD-93A6-06FC20866370}.Release|Any CPU.Build.0 = Release|Any CPU
		{727A2021-011A-4FAD-93A6-06FC20866370}.Release|x64.ActiveCfg = Release|Any CPU
		{727A2021-011A-4FAD-93A6-06FC20866370}.Release|x64.Build.0 = Release|Any CPU
		{727A2021-011A-4FAD-93A6-06FC20866370}.Release|x86.ActiveCfg = Release|Any CPU
		{727A2021-011A-4FAD-93A6-06FC20866370}.Release|x86.Build.0 = Release|Any CPU
		{BECC1311-9A8F-4775-827E-9FCDBABE68EB}.Debug|Any CPU.ActiveCfg = Debug|Any CPU
		{BECC1311-9A8F-4775-827E-9FCDBABE68EB}.Debug|Any CPU.Build.0 = Debug|Any CPU
		{BECC1311-9A8F-4775-827E-9FCDBABE68EB}.Debug|x64.ActiveCfg = Debug|Any CPU
		{BECC1311-9A8F-4775-827E-9FCDBABE68EB}.Debug|x64.Build.0 = Debug|Any CPU
		{BECC1311-9A8F-4775-827E-9FCDBABE68EB}.Debug|x86.ActiveCfg = Debug|Any CPU
		{BECC1311-9A8F-4775-827E-9FCDBABE68EB}.Debug|x86.Build.0 = Debug|Any CPU
		{BECC1311-9A8F-4775-827E-9FCDBABE68EB}.Release|Any CPU.ActiveCfg = Release|Any CPU
		{BECC1311-9A8F-4775-827E-9FCDBABE68EB}.Release|Any CPU.Build.0 = Release|Any CPU
		{BECC1311-9A8F-4775-827E-9FCDBABE68EB}.Release|x64.ActiveCfg = Release|Any CPU
		{BECC1311-9A8F-4775-827E-9FCDBABE68EB}.Release|x64.Build.0 = Release|Any CPU
		{BECC1311-9A8F-4775-827E-9FCDBABE68EB}.Release|x86.ActiveCfg = Release|Any CPU
		{BECC1311-9A8F-4775-827E-9FCDBABE68EB}.Release|x86.Build.0 = Release|Any CPU
		{1C5B61C4-888B-4B34-80E4-CA04D7C5F7D0}.Debug|Any CPU.ActiveCfg = Debug|Any CPU
		{1C5B61C4-888B-4B34-80E4-CA04D7C5F7D0}.Debug|Any CPU.Build.0 = Debug|Any CPU
		{1C5B61C4-888B-4B34-80E4-CA04D7C5F7D0}.Debug|x64.ActiveCfg = Debug|Any CPU
		{1C5B61C4-888B-4B34-80E4-CA04D7C5F7D0}.Debug|x64.Build.0 = Debug|Any CPU
		{1C5B61C4-888B-4B34-80E4-CA04D7C5F7D0}.Debug|x86.ActiveCfg = Debug|Any CPU
		{1C5B61C4-888B-4B34-80E4-CA04D7C5F7D0}.Debug|x86.Build.0 = Debug|Any CPU
		{1C5B61C4-888B-4B34-80E4-CA04D7C5F7D0}.Release|Any CPU.ActiveCfg = Release|Any CPU
		{1C5B61C4-888B-4B34-80E4-CA04D7C5F7D0}.Release|Any CPU.Build.0 = Release|Any CPU
		{1C5B61C4-888B-4B34-80E4-CA04D7C5F7D0}.Release|x64.ActiveCfg = Release|Any CPU
		{1C5B61C4-888B-4B34-80E4-CA04D7C5F7D0}.Release|x64.Build.0 = Release|Any CPU
		{1C5B61C4-888B-4B34-80E4-CA04D7C5F7D0}.Release|x86.ActiveCfg = Release|Any CPU
		{1C5B61C4-888B-4B34-80E4-CA04D7C5F7D0}.Release|x86.Build.0 = Release|Any CPU
		{6EA06B33-135A-4287-B9C1-09793E3F7871}.Debug|Any CPU.ActiveCfg = Debug|Any CPU
		{6EA06B33-135A-4287-B9C1-09793E3F7871}.Debug|Any CPU.Build.0 = Debug|Any CPU
		{6EA06B33-135A-4287-B9C1-09793E3F7871}.Debug|x64.ActiveCfg = Debug|Any CPU
		{6EA06B33-135A-4287-B9C1-09793E3F7871}.Debug|x64.Build.0 = Debug|Any CPU
		{6EA06B33-135A-4287-B9C1-09793E3F7871}.Debug|x86.ActiveCfg = Debug|Any CPU
		{6EA06B33-135A-4287-B9C1-09793E3F7871}.Debug|x86.Build.0 = Debug|Any CPU
		{6EA06B33-135A-4287-B9C1-09793E3F7871}.Release|Any CPU.ActiveCfg = Release|Any CPU
		{6EA06B33-135A-4287-B9C1-09793E3F7871}.Release|Any CPU.Build.0 = Release|Any CPU
		{6EA06B33-135A-4287-B9C1-09793E3F7871}.Release|x64.ActiveCfg = Release|Any CPU
		{6EA06B33-135A-4287-B9C1-09793E3F7871}.Release|x64.Build.0 = Release|Any CPU
		{6EA06B33-135A-4287-B9C1-09793E3F7871}.Release|x86.ActiveCfg = Release|Any CPU
		{6EA06B33-135A-4287-B9C1-09793E3F7871}.Release|x86.Build.0 = Release|Any CPU
		{1AA7FABA-128F-456D-8EBD-53346CF293C3}.Debug|Any CPU.ActiveCfg = Debug|Any CPU
		{1AA7FABA-128F-456D-8EBD-53346CF293C3}.Debug|Any CPU.Build.0 = Debug|Any CPU
		{1AA7FABA-128F-456D-8EBD-53346CF293C3}.Debug|x64.ActiveCfg = Debug|Any CPU
		{1AA7FABA-128F-456D-8EBD-53346CF293C3}.Debug|x64.Build.0 = Debug|Any CPU
		{1AA7FABA-128F-456D-8EBD-53346CF293C3}.Debug|x86.ActiveCfg = Debug|Any CPU
		{1AA7FABA-128F-456D-8EBD-53346CF293C3}.Debug|x86.Build.0 = Debug|Any CPU
		{1AA7FABA-128F-456D-8EBD-53346CF293C3}.Release|Any CPU.ActiveCfg = Release|Any CPU
		{1AA7FABA-128F-456D-8EBD-53346CF293C3}.Release|Any CPU.Build.0 = Release|Any CPU
		{1AA7FABA-128F-456D-8EBD-53346CF293C3}.Release|x64.ActiveCfg = Release|Any CPU
		{1AA7FABA-128F-456D-8EBD-53346CF293C3}.Release|x64.Build.0 = Release|Any CPU
		{1AA7FABA-128F-456D-8EBD-53346CF293C3}.Release|x86.ActiveCfg = Release|Any CPU
		{1AA7FABA-128F-456D-8EBD-53346CF293C3}.Release|x86.Build.0 = Release|Any CPU
		{D117A56A-AA78-4594-9FFF-E4F38660ADE0}.Debug|Any CPU.ActiveCfg = Debug|Any CPU
		{D117A56A-AA78-4594-9FFF-E4F38660ADE0}.Debug|Any CPU.Build.0 = Debug|Any CPU
		{D117A56A-AA78-4594-9FFF-E4F38660ADE0}.Debug|x64.ActiveCfg = Debug|Any CPU
		{D117A56A-AA78-4594-9FFF-E4F38660ADE0}.Debug|x64.Build.0 = Debug|Any CPU
		{D117A56A-AA78-4594-9FFF-E4F38660ADE0}.Debug|x86.ActiveCfg = Debug|Any CPU
		{D117A56A-AA78-4594-9FFF-E4F38660ADE0}.Debug|x86.Build.0 = Debug|Any CPU
		{D117A56A-AA78-4594-9FFF-E4F38660ADE0}.Release|Any CPU.ActiveCfg = Release|Any CPU
		{D117A56A-AA78-4594-9FFF-E4F38660ADE0}.Release|Any CPU.Build.0 = Release|Any CPU
		{D117A56A-AA78-4594-9FFF-E4F38660ADE0}.Release|x64.ActiveCfg = Release|Any CPU
		{D117A56A-AA78-4594-9FFF-E4F38660ADE0}.Release|x64.Build.0 = Release|Any CPU
		{D117A56A-AA78-4594-9FFF-E4F38660ADE0}.Release|x86.ActiveCfg = Release|Any CPU
		{D117A56A-AA78-4594-9FFF-E4F38660ADE0}.Release|x86.Build.0 = Release|Any CPU
		{FDBCADF6-CBE3-44E8-B7FC-BDE81FE051DA}.Debug|Any CPU.ActiveCfg = Debug|Any CPU
		{FDBCADF6-CBE3-44E8-B7FC-BDE81FE051DA}.Debug|Any CPU.Build.0 = Debug|Any CPU
		{FDBCADF6-CBE3-44E8-B7FC-BDE81FE051DA}.Debug|x64.ActiveCfg = Debug|Any CPU
		{FDBCADF6-CBE3-44E8-B7FC-BDE81FE051DA}.Debug|x64.Build.0 = Debug|Any CPU
		{FDBCADF6-CBE3-44E8-B7FC-BDE81FE051DA}.Debug|x86.ActiveCfg = Debug|Any CPU
		{FDBCADF6-CBE3-44E8-B7FC-BDE81FE051DA}.Debug|x86.Build.0 = Debug|Any CPU
		{FDBCADF6-CBE3-44E8-B7FC-BDE81FE051DA}.Release|Any CPU.ActiveCfg = Release|Any CPU
		{FDBCADF6-CBE3-44E8-B7FC-BDE81FE051DA}.Release|Any CPU.Build.0 = Release|Any CPU
		{FDBCADF6-CBE3-44E8-B7FC-BDE81FE051DA}.Release|x64.ActiveCfg = Release|Any CPU
		{FDBCADF6-CBE3-44E8-B7FC-BDE81FE051DA}.Release|x64.Build.0 = Release|Any CPU
		{FDBCADF6-CBE3-44E8-B7FC-BDE81FE051DA}.Release|x86.ActiveCfg = Release|Any CPU
		{FDBCADF6-CBE3-44E8-B7FC-BDE81FE051DA}.Release|x86.Build.0 = Release|Any CPU
		{C6582D6D-BAA3-4336-9529-9738C5F0F927}.Debug|Any CPU.ActiveCfg = Debug|Any CPU
		{C6582D6D-BAA3-4336-9529-9738C5F0F927}.Debug|Any CPU.Build.0 = Debug|Any CPU
		{C6582D6D-BAA3-4336-9529-9738C5F0F927}.Debug|x64.ActiveCfg = Debug|Any CPU
		{C6582D6D-BAA3-4336-9529-9738C5F0F927}.Debug|x64.Build.0 = Debug|Any CPU
		{C6582D6D-BAA3-4336-9529-9738C5F0F927}.Debug|x86.ActiveCfg = Debug|Any CPU
		{C6582D6D-BAA3-4336-9529-9738C5F0F927}.Debug|x86.Build.0 = Debug|Any CPU
		{C6582D6D-BAA3-4336-9529-9738C5F0F927}.Release|Any CPU.ActiveCfg = Release|Any CPU
		{C6582D6D-BAA3-4336-9529-9738C5F0F927}.Release|Any CPU.Build.0 = Release|Any CPU
		{C6582D6D-BAA3-4336-9529-9738C5F0F927}.Release|x64.ActiveCfg = Release|Any CPU
		{C6582D6D-BAA3-4336-9529-9738C5F0F927}.Release|x64.Build.0 = Release|Any CPU
		{C6582D6D-BAA3-4336-9529-9738C5F0F927}.Release|x86.ActiveCfg = Release|Any CPU
		{C6582D6D-BAA3-4336-9529-9738C5F0F927}.Release|x86.Build.0 = Release|Any CPU
		{B5FC5E31-EA17-4298-A10B-1F01F066AC2F}.Debug|Any CPU.ActiveCfg = Debug|Any CPU
		{B5FC5E31-EA17-4298-A10B-1F01F066AC2F}.Debug|Any CPU.Build.0 = Debug|Any CPU
		{B5FC5E31-EA17-4298-A10B-1F01F066AC2F}.Debug|x64.ActiveCfg = Debug|Any CPU
		{B5FC5E31-EA17-4298-A10B-1F01F066AC2F}.Debug|x64.Build.0 = Debug|Any CPU
		{B5FC5E31-EA17-4298-A10B-1F01F066AC2F}.Debug|x86.ActiveCfg = Debug|Any CPU
		{B5FC5E31-EA17-4298-A10B-1F01F066AC2F}.Debug|x86.Build.0 = Debug|Any CPU
		{B5FC5E31-EA17-4298-A10B-1F01F066AC2F}.Release|Any CPU.ActiveCfg = Release|Any CPU
		{B5FC5E31-EA17-4298-A10B-1F01F066AC2F}.Release|Any CPU.Build.0 = Release|Any CPU
		{B5FC5E31-EA17-4298-A10B-1F01F066AC2F}.Release|x64.ActiveCfg = Release|Any CPU
		{B5FC5E31-EA17-4298-A10B-1F01F066AC2F}.Release|x64.Build.0 = Release|Any CPU
		{B5FC5E31-EA17-4298-A10B-1F01F066AC2F}.Release|x86.ActiveCfg = Release|Any CPU
		{B5FC5E31-EA17-4298-A10B-1F01F066AC2F}.Release|x86.Build.0 = Release|Any CPU
		{33C24F80-131D-49D2-A842-51528D96586B}.Debug|Any CPU.ActiveCfg = Debug|Any CPU
		{33C24F80-131D-49D2-A842-51528D96586B}.Debug|Any CPU.Build.0 = Debug|Any CPU
		{33C24F80-131D-49D2-A842-51528D96586B}.Debug|x64.ActiveCfg = Debug|Any CPU
		{33C24F80-131D-49D2-A842-51528D96586B}.Debug|x64.Build.0 = Debug|Any CPU
		{33C24F80-131D-49D2-A842-51528D96586B}.Debug|x86.ActiveCfg = Debug|Any CPU
		{33C24F80-131D-49D2-A842-51528D96586B}.Debug|x86.Build.0 = Debug|Any CPU
		{33C24F80-131D-49D2-A842-51528D96586B}.Release|Any CPU.ActiveCfg = Release|Any CPU
		{33C24F80-131D-49D2-A842-51528D96586B}.Release|Any CPU.Build.0 = Release|Any CPU
		{33C24F80-131D-49D2-A842-51528D96586B}.Release|x64.ActiveCfg = Release|Any CPU
		{33C24F80-131D-49D2-A842-51528D96586B}.Release|x64.Build.0 = Release|Any CPU
		{33C24F80-131D-49D2-A842-51528D96586B}.Release|x86.ActiveCfg = Release|Any CPU
		{33C24F80-131D-49D2-A842-51528D96586B}.Release|x86.Build.0 = Release|Any CPU
	EndGlobalSection
EndGlobal
